
Microsoft Visual Studio Solution File, Format Version 12.00
# Visual Studio Version 16
VisualStudioVersion = 16.0.31005.135
MinimumVisualStudioVersion = 10.0.40219.1
Project("{FAE04EC0-301F-11D3-BF4B-00C04F79EFBC}") = "While task (directed triangle) 2 and 4", "While task (directed triangle) 2 and 4\While task (directed triangle) 2 and 4.csproj", "{B3DBC7E0-AC3A-4E6F-A719-92B5C2E151F2}"
EndProject
Global
	GlobalSection(SolutionConfigurationPlatforms) = preSolution
		Debug|Any CPU = Debug|Any CPU
		Release|Any CPU = Release|Any CPU
	EndGlobalSection
	GlobalSection(ProjectConfigurationPlatforms) = postSolution
		{B3DBC7E0-AC3A-4E6F-A719-92B5C2E151F2}.Debug|Any CPU.ActiveCfg = Debug|Any CPU
		{B3DBC7E0-AC3A-4E6F-A719-92B5C2E151F2}.Debug|Any CPU.Build.0 = Debug|Any CPU
		{B3DBC7E0-AC3A-4E6F-A719-92B5C2E151F2}.Release|Any CPU.ActiveCfg = Release|Any CPU
		{B3DBC7E0-AC3A-4E6F-A719-92B5C2E151F2}.Release|Any CPU.Build.0 = Release|Any CPU
	EndGlobalSection
	GlobalSection(SolutionProperties) = preSolution
		HideSolutionNode = FALSE
	EndGlobalSection
	GlobalSection(ExtensibilityGlobals) = postSolution
		SolutionGuid = {79C03AE8-3603-417A-835E-1CD9B7F2DC9E}
	EndGlobalSection
EndGlobal
